{
  "name": "active-app-qmk-layer-updater",
  "version": "1.0.0",
  "lockfileVersion": 1,
  "requires": true,
  "dependencies": {
    "json-based-conditions-and-rules-logic-evaluator": {
      "version": "1.0.0",
      "resolved": "https://registry.npmjs.org/json-based-conditions-and-rules-logic-evaluator/-/json-based-conditions-and-rules-logic-evaluator-1.0.0.tgz",
      "integrity": "sha512-KON0ITYeImggiTzdiD735c4AOjDnEG1PJr9ysckyE8p5JjEWD5s26vxCeJcVKnDQj9qftrjqNsSa7RTfqJliug=="
    }
  }
}
